// !$*UTF8*$!
{
	archiveVersion = 1;
	classes = {
	};
	objectVersion = 56;
	objects = {

/* Begin PBXBuildFile section */
		AD0AD6CE2AE3F42F0052F625 /* NetworkManager.swift in Sources */ = {isa = PBXBuildFile; fileRef = AD0AD6CD2AE3F42F0052F625 /* NetworkManager.swift */; };
		AD0AD6D02AE3F5F80052F625 /* HomeViewModel.swift in Sources */ = {isa = PBXBuildFile; fileRef = AD0AD6CF2AE3F5F80052F625 /* HomeViewModel.swift */; };
		AD0AD6D22AE3FB0A0052F625 /* APIRequest.swift in Sources */ = {isa = PBXBuildFile; fileRef = AD0AD6D12AE3FB0A0052F625 /* APIRequest.swift */; };
		AD0AD6D52AE3FB650052F625 /* PokemonListApi.swift in Sources */ = {isa = PBXBuildFile; fileRef = AD0AD6D42AE3FB650052F625 /* PokemonListApi.swift */; };
		AD0AD6DB2AE3FC7A0052F625 /* PokemonListModel.swift in Sources */ = {isa = PBXBuildFile; fileRef = AD0AD6DA2AE3FC7A0052F625 /* PokemonListModel.swift */; };
		AD13FA1F2AE51B63009DF988 /* Pokemon+Extensions.swift in Sources */ = {isa = PBXBuildFile; fileRef = AD13FA1E2AE51B63009DF988 /* Pokemon+Extensions.swift */; };
		AD13FA222AE52B8D009DF988 /* ThemeManager.swift in Sources */ = {isa = PBXBuildFile; fileRef = AD13FA212AE52B8D009DF988 /* ThemeManager.swift */; };
		AD13FA252AE56868009DF988 /* PokemonGenderManager.swift in Sources */ = {isa = PBXBuildFile; fileRef = AD13FA242AE56868009DF988 /* PokemonGenderManager.swift */; };
		AD13FA272AE63081009DF988 /* PokemonDetailViewModel.swift in Sources */ = {isa = PBXBuildFile; fileRef = AD13FA262AE63081009DF988 /* PokemonDetailViewModel.swift */; };
		AD13FA292AE63BC9009DF988 /* AccordionView.swift in Sources */ = {isa = PBXBuildFile; fileRef = AD13FA282AE63BC9009DF988 /* AccordionView.swift */; };
		AD13FA2B2AE6426F009DF988 /* AccordianModel.swift in Sources */ = {isa = PBXBuildFile; fileRef = AD13FA2A2AE6426F009DF988 /* AccordianModel.swift */; };
		AD13FA2D2AE65923009DF988 /* CustomDisclosureGroupStyle.swift in Sources */ = {isa = PBXBuildFile; fileRef = AD13FA2C2AE65923009DF988 /* CustomDisclosureGroupStyle.swift */; };
		AD13FA2F2AE65943009DF988 /* Checkbox.swift in Sources */ = {isa = PBXBuildFile; fileRef = AD13FA2E2AE65943009DF988 /* Checkbox.swift */; };
		AD13FA312AE6B107009DF988 /* PokemanAbilityViewModel.swift in Sources */ = {isa = PBXBuildFile; fileRef = AD13FA302AE6B107009DF988 /* PokemanAbilityViewModel.swift */; };
		ADC8C9632AE2A8B700041BAC /* ProgressBarView.swift in Sources */ = {isa = PBXBuildFile; fileRef = ADC8C9622AE2A8B700041BAC /* ProgressBarView.swift */; };
		ADC8C9652AE2A95E00041BAC /* PokemonDetailHeadingView.swift in Sources */ = {isa = PBXBuildFile; fileRef = ADC8C9642AE2A95E00041BAC /* PokemonDetailHeadingView.swift */; };
		ADC8C9672AE2A97900041BAC /* PokemanEvolutionChainView.swift in Sources */ = {isa = PBXBuildFile; fileRef = ADC8C9662AE2A97900041BAC /* PokemanEvolutionChainView.swift */; };
		ADC8C9692AE2A99600041BAC /* PokemanAbilityView.swift in Sources */ = {isa = PBXBuildFile; fileRef = ADC8C9682AE2A99600041BAC /* PokemanAbilityView.swift */; };
		ADC8C96B2AE2AA7200041BAC /* PokemanStatsView.swift in Sources */ = {isa = PBXBuildFile; fileRef = ADC8C96A2AE2AA7200041BAC /* PokemanStatsView.swift */; };
		ADEAB4292AE17A9100E81FCE /* PokedexApp.swift in Sources */ = {isa = PBXBuildFile; fileRef = ADEAB4282AE17A9100E81FCE /* PokedexApp.swift */; };
		ADEAB42D2AE17A9200E81FCE /* Assets.xcassets in Resources */ = {isa = PBXBuildFile; fileRef = ADEAB42C2AE17A9200E81FCE /* Assets.xcassets */; };
		ADEAB4302AE17A9200E81FCE /* Preview Assets.xcassets in Resources */ = {isa = PBXBuildFile; fileRef = ADEAB42F2AE17A9200E81FCE /* Preview Assets.xcassets */; };
		ADEAB43A2AE17A9200E81FCE /* PokedexTests.swift in Sources */ = {isa = PBXBuildFile; fileRef = ADEAB4392AE17A9200E81FCE /* PokedexTests.swift */; };
		ADEAB4442AE17A9200E81FCE /* PokedexUITests.swift in Sources */ = {isa = PBXBuildFile; fileRef = ADEAB4432AE17A9200E81FCE /* PokedexUITests.swift */; };
		ADEAB4462AE17A9200E81FCE /* PokedexUITestsLaunchTests.swift in Sources */ = {isa = PBXBuildFile; fileRef = ADEAB4452AE17A9200E81FCE /* PokedexUITestsLaunchTests.swift */; };
		ADEAB4572AE17AE000E81FCE /* HomeView.swift in Sources */ = {isa = PBXBuildFile; fileRef = ADEAB4562AE17AE000E81FCE /* HomeView.swift */; };
		ADEAB45B2AE268E400E81FCE /* SearchBar.swift in Sources */ = {isa = PBXBuildFile; fileRef = ADEAB45A2AE268E400E81FCE /* SearchBar.swift */; };
		ADEAB45E2AE2692F00E81FCE /* DottedBorder.swift in Sources */ = {isa = PBXBuildFile; fileRef = ADEAB45D2AE2692F00E81FCE /* DottedBorder.swift */; };
		ADEAB4632AE269F700E81FCE /* FilterView.swift in Sources */ = {isa = PBXBuildFile; fileRef = ADEAB4622AE269F700E81FCE /* FilterView.swift */; };
		ADEAB4652AE2722200E81FCE /* PokemonItemView.swift in Sources */ = {isa = PBXBuildFile; fileRef = ADEAB4642AE2722200E81FCE /* PokemonItemView.swift */; };
		ADEAB46A2AE2728200E81FCE /* PokemonDetailView.swift in Sources */ = {isa = PBXBuildFile; fileRef = ADEAB4692AE2728200E81FCE /* PokemonDetailView.swift */; };
/* End PBXBuildFile section */

/* Begin PBXContainerItemProxy section */
		ADEAB4362AE17A9200E81FCE /* PBXContainerItemProxy */ = {
			isa = PBXContainerItemProxy;
			containerPortal = ADEAB41D2AE17A9100E81FCE /* Project object */;
			proxyType = 1;
			remoteGlobalIDString = ADEAB4242AE17A9100E81FCE;
			remoteInfo = Pokedex;
		};
		ADEAB4402AE17A9200E81FCE /* PBXContainerItemProxy */ = {
			isa = PBXContainerItemProxy;
			containerPortal = ADEAB41D2AE17A9100E81FCE /* Project object */;
			proxyType = 1;
			remoteGlobalIDString = ADEAB4242AE17A9100E81FCE;
			remoteInfo = Pokedex;
		};
/* End PBXContainerItemProxy section */

/* Begin PBXFileReference section */
		AD0AD6CD2AE3F42F0052F625 /* NetworkManager.swift */ = {isa = PBXFileReference; lastKnownFileType = sourcecode.swift; path = NetworkManager.swift; sourceTree = "<group>"; };
		AD0AD6CF2AE3F5F80052F625 /* HomeViewModel.swift */ = {isa = PBXFileReference; lastKnownFileType = sourcecode.swift; path = HomeViewModel.swift; sourceTree = "<group>"; };
		AD0AD6D12AE3FB0A0052F625 /* APIRequest.swift */ = {isa = PBXFileReference; lastKnownFileType = sourcecode.swift; path = APIRequest.swift; sourceTree = "<group>"; };
		AD0AD6D42AE3FB650052F625 /* PokemonListApi.swift */ = {isa = PBXFileReference; lastKnownFileType = sourcecode.swift; path = PokemonListApi.swift; sourceTree = "<group>"; };
		AD0AD6DA2AE3FC7A0052F625 /* PokemonListModel.swift */ = {isa = PBXFileReference; lastKnownFileType = sourcecode.swift; path = PokemonListModel.swift; sourceTree = "<group>"; };
		AD13FA1E2AE51B63009DF988 /* Pokemon+Extensions.swift */ = {isa = PBXFileReference; lastKnownFileType = sourcecode.swift; path = "Pokemon+Extensions.swift"; sourceTree = "<group>"; };
		AD13FA212AE52B8D009DF988 /* ThemeManager.swift */ = {isa = PBXFileReference; lastKnownFileType = sourcecode.swift; path = ThemeManager.swift; sourceTree = "<group>"; };
		AD13FA242AE56868009DF988 /* PokemonGenderManager.swift */ = {isa = PBXFileReference; lastKnownFileType = sourcecode.swift; path = PokemonGenderManager.swift; sourceTree = "<group>"; };
		AD13FA262AE63081009DF988 /* PokemonDetailViewModel.swift */ = {isa = PBXFileReference; lastKnownFileType = sourcecode.swift; path = PokemonDetailViewModel.swift; sourceTree = "<group>"; };
		AD13FA282AE63BC9009DF988 /* AccordionView.swift */ = {isa = PBXFileReference; lastKnownFileType = sourcecode.swift; path = AccordionView.swift; sourceTree = "<group>"; };
		AD13FA2A2AE6426F009DF988 /* AccordianModel.swift */ = {isa = PBXFileReference; lastKnownFileType = sourcecode.swift; path = AccordianModel.swift; sourceTree = "<group>"; };
		AD13FA2C2AE65923009DF988 /* CustomDisclosureGroupStyle.swift */ = {isa = PBXFileReference; lastKnownFileType = sourcecode.swift; path = CustomDisclosureGroupStyle.swift; sourceTree = "<group>"; };
		AD13FA2E2AE65943009DF988 /* Checkbox.swift */ = {isa = PBXFileReference; lastKnownFileType = sourcecode.swift; path = Checkbox.swift; sourceTree = "<group>"; };
		AD13FA302AE6B107009DF988 /* PokemanAbilityViewModel.swift */ = {isa = PBXFileReference; lastKnownFileType = sourcecode.swift; path = PokemanAbilityViewModel.swift; sourceTree = "<group>"; };
		AD13FA322AE7CFFE009DF988 /* Info.plist */ = {isa = PBXFileReference; lastKnownFileType = text.plist; path = Info.plist; sourceTree = "<group>"; };
		ADC8C9622AE2A8B700041BAC /* ProgressBarView.swift */ = {isa = PBXFileReference; lastKnownFileType = sourcecode.swift; path = ProgressBarView.swift; sourceTree = "<group>"; };
		ADC8C9642AE2A95E00041BAC /* PokemonDetailHeadingView.swift */ = {isa = PBXFileReference; lastKnownFileType = sourcecode.swift; path = PokemonDetailHeadingView.swift; sourceTree = "<group>"; };
		ADC8C9662AE2A97900041BAC /* PokemanEvolutionChainView.swift */ = {isa = PBXFileReference; lastKnownFileType = sourcecode.swift; path = PokemanEvolutionChainView.swift; sourceTree = "<group>"; };
		ADC8C9682AE2A99600041BAC /* PokemanAbilityView.swift */ = {isa = PBXFileReference; lastKnownFileType = sourcecode.swift; path = PokemanAbilityView.swift; sourceTree = "<group>"; };
		ADC8C96A2AE2AA7200041BAC /* PokemanStatsView.swift */ = {isa = PBXFileReference; lastKnownFileType = sourcecode.swift; path = PokemanStatsView.swift; sourceTree = "<group>"; };
		ADEAB4252AE17A9100E81FCE /* Pokedex.app */ = {isa = PBXFileReference; explicitFileType = wrapper.application; includeInIndex = 0; path = Pokedex.app; sourceTree = BUILT_PRODUCTS_DIR; };
		ADEAB4282AE17A9100E81FCE /* PokedexApp.swift */ = {isa = PBXFileReference; lastKnownFileType = sourcecode.swift; path = PokedexApp.swift; sourceTree = "<group>"; };
		ADEAB42C2AE17A9200E81FCE /* Assets.xcassets */ = {isa = PBXFileReference; lastKnownFileType = folder.assetcatalog; path = Assets.xcassets; sourceTree = "<group>"; };
		ADEAB42F2AE17A9200E81FCE /* Preview Assets.xcassets */ = {isa = PBXFileReference; lastKnownFileType = folder.assetcatalog; path = "Preview Assets.xcassets"; sourceTree = "<group>"; };
		ADEAB4352AE17A9200E81FCE /* PokedexTests.xctest */ = {isa = PBXFileReference; explicitFileType = wrapper.cfbundle; includeInIndex = 0; path = PokedexTests.xctest; sourceTree = BUILT_PRODUCTS_DIR; };
		ADEAB4392AE17A9200E81FCE /* PokedexTests.swift */ = {isa = PBXFileReference; lastKnownFileType = sourcecode.swift; path = PokedexTests.swift; sourceTree = "<group>"; };
		ADEAB43F2AE17A9200E81FCE /* PokedexUITests.xctest */ = {isa = PBXFileReference; explicitFileType = wrapper.cfbundle; includeInIndex = 0; path = PokedexUITests.xctest; sourceTree = BUILT_PRODUCTS_DIR; };
		ADEAB4432AE17A9200E81FCE /* PokedexUITests.swift */ = {isa = PBXFileReference; lastKnownFileType = sourcecode.swift; path = PokedexUITests.swift; sourceTree = "<group>"; };
		ADEAB4452AE17A9200E81FCE /* PokedexUITestsLaunchTests.swift */ = {isa = PBXFileReference; lastKnownFileType = sourcecode.swift; path = PokedexUITestsLaunchTests.swift; sourceTree = "<group>"; };
		ADEAB4562AE17AE000E81FCE /* HomeView.swift */ = {isa = PBXFileReference; lastKnownFileType = sourcecode.swift; path = HomeView.swift; sourceTree = "<group>"; };
		ADEAB45A2AE268E400E81FCE /* SearchBar.swift */ = {isa = PBXFileReference; lastKnownFileType = sourcecode.swift; path = SearchBar.swift; sourceTree = "<group>"; };
		ADEAB45D2AE2692F00E81FCE /* DottedBorder.swift */ = {isa = PBXFileReference; lastKnownFileType = sourcecode.swift; path = DottedBorder.swift; sourceTree = "<group>"; };
		ADEAB4622AE269F700E81FCE /* FilterView.swift */ = {isa = PBXFileReference; lastKnownFileType = sourcecode.swift; path = FilterView.swift; sourceTree = "<group>"; };
		ADEAB4642AE2722200E81FCE /* PokemonItemView.swift */ = {isa = PBXFileReference; lastKnownFileType = sourcecode.swift; path = PokemonItemView.swift; sourceTree = "<group>"; };
		ADEAB4692AE2728200E81FCE /* PokemonDetailView.swift */ = {isa = PBXFileReference; lastKnownFileType = sourcecode.swift; path = PokemonDetailView.swift; sourceTree = "<group>"; };
/* End PBXFileReference section */

/* Begin PBXFrameworksBuildPhase section */
		ADEAB4222AE17A9100E81FCE /* Frameworks */ = {
			isa = PBXFrameworksBuildPhase;
			buildActionMask = 2147483647;
			files = (
			);
			runOnlyForDeploymentPostprocessing = 0;
		};
		ADEAB4322AE17A9200E81FCE /* Frameworks */ = {
			isa = PBXFrameworksBuildPhase;
			buildActionMask = 2147483647;
			files = (
			);
			runOnlyForDeploymentPostprocessing = 0;
		};
		ADEAB43C2AE17A9200E81FCE /* Frameworks */ = {
			isa = PBXFrameworksBuildPhase;
			buildActionMask = 2147483647;
			files = (
			);
			runOnlyForDeploymentPostprocessing = 0;
		};
/* End PBXFrameworksBuildPhase section */

/* Begin PBXGroup section */
		AD0AD6CB2AE3F4120052F625 /* Manager */ = {
			isa = PBXGroup;
			children = (
				AD13FA232AE56856009DF988 /* PokemonGenderManager */,
				AD13FA202AE52B83009DF988 /* ThemeManager */,
				AD0AD6CC2AE3F41C0052F625 /* NetworkManager */,
			);
			path = Manager;
			sourceTree = "<group>";
		};
		AD0AD6CC2AE3F41C0052F625 /* NetworkManager */ = {
			isa = PBXGroup;
			children = (
				AD0AD6D32AE3FB480052F625 /* PokemonAPI */,
				AD0AD6CD2AE3F42F0052F625 /* NetworkManager.swift */,
				AD0AD6D12AE3FB0A0052F625 /* APIRequest.swift */,
			);
			path = NetworkManager;
			sourceTree = "<group>";
		};
		AD0AD6D32AE3FB480052F625 /* PokemonAPI */ = {
			isa = PBXGroup;
			children = (
				AD0AD6D42AE3FB650052F625 /* PokemonListApi.swift */,
				AD0AD6DA2AE3FC7A0052F625 /* PokemonListModel.swift */,
			);
			path = PokemonAPI;
			sourceTree = "<group>";
		};
		AD13FA1D2AE51B41009DF988 /* Extension */ = {
			isa = PBXGroup;
			children = (
				AD13FA1E2AE51B63009DF988 /* Pokemon+Extensions.swift */,
			);
			path = Extension;
			sourceTree = "<group>";
		};
		AD13FA202AE52B83009DF988 /* ThemeManager */ = {
			isa = PBXGroup;
			children = (
				AD13FA212AE52B8D009DF988 /* ThemeManager.swift */,
			);
			path = ThemeManager;
			sourceTree = "<group>";
		};
		AD13FA232AE56856009DF988 /* PokemonGenderManager */ = {
			isa = PBXGroup;
			children = (
				AD13FA242AE56868009DF988 /* PokemonGenderManager.swift */,
			);
			path = PokemonGenderManager;
			sourceTree = "<group>";
		};
		ADEAB41C2AE17A9100E81FCE = {
			isa = PBXGroup;
			children = (
				ADEAB4272AE17A9100E81FCE /* Pokedex */,
				ADEAB4382AE17A9200E81FCE /* PokedexTests */,
				ADEAB4422AE17A9200E81FCE /* PokedexUITests */,
				ADEAB4262AE17A9100E81FCE /* Products */,
			);
			sourceTree = "<group>";
		};
		ADEAB4262AE17A9100E81FCE /* Products */ = {
			isa = PBXGroup;
			children = (
				ADEAB4252AE17A9100E81FCE /* Pokedex.app */,
				ADEAB4352AE17A9200E81FCE /* PokedexTests.xctest */,
				ADEAB43F2AE17A9200E81FCE /* PokedexUITests.xctest */,
			);
			name = Products;
			sourceTree = "<group>";
		};
		ADEAB4272AE17A9100E81FCE /* Pokedex */ = {
			isa = PBXGroup;
			children = (
				AD13FA1D2AE51B41009DF988 /* Extension */,
				AD0AD6CB2AE3F4120052F625 /* Manager */,
				ADEAB45C2AE268EE00E81FCE /* Modules */,
				ADEAB4592AE268CF00E81FCE /* UIComponent */,
				ADEAB4282AE17A9100E81FCE /* PokedexApp.swift */,
				ADEAB42C2AE17A9200E81FCE /* Assets.xcassets */,
				AD13FA322AE7CFFE009DF988 /* Info.plist */,
				ADEAB42E2AE17A9200E81FCE /* Preview Content */,
			);
			path = Pokedex;
			sourceTree = "<group>";
		};
		ADEAB42E2AE17A9200E81FCE /* Preview Content */ = {
			isa = PBXGroup;
			children = (
				ADEAB42F2AE17A9200E81FCE /* Preview Assets.xcassets */,
			);
			path = "Preview Content";
			sourceTree = "<group>";
		};
		ADEAB4382AE17A9200E81FCE /* PokedexTests */ = {
			isa = PBXGroup;
			children = (
				ADEAB4392AE17A9200E81FCE /* PokedexTests.swift */,
			);
			path = PokedexTests;
			sourceTree = "<group>";
		};
		ADEAB4422AE17A9200E81FCE /* PokedexUITests */ = {
			isa = PBXGroup;
			children = (
				ADEAB4432AE17A9200E81FCE /* PokedexUITests.swift */,
				ADEAB4452AE17A9200E81FCE /* PokedexUITestsLaunchTests.swift */,
			);
			path = PokedexUITests;
			sourceTree = "<group>";
		};
		ADEAB4522AE17AB500E81FCE /* Home */ = {
			isa = PBXGroup;
			children = (
				ADEAB4542AE17AC500E81FCE /* Model */,
				ADEAB4532AE17ABF00E81FCE /* View */,
				ADEAB4552AE17ACC00E81FCE /* ViewModel */,
			);
			path = Home;
			sourceTree = "<group>";
		};
		ADEAB4532AE17ABF00E81FCE /* View */ = {
			isa = PBXGroup;
			children = (
				ADEAB4562AE17AE000E81FCE /* HomeView.swift */,
				ADEAB4642AE2722200E81FCE /* PokemonItemView.swift */,
			);
			path = View;
			sourceTree = "<group>";
		};
		ADEAB4542AE17AC500E81FCE /* Model */ = {
			isa = PBXGroup;
			children = (
				AD0AD6CF2AE3F5F80052F625 /* HomeViewModel.swift */,
			);
			path = Model;
			sourceTree = "<group>";
		};
		ADEAB4552AE17ACC00E81FCE /* ViewModel */ = {
			isa = PBXGroup;
			children = (
			);
			path = ViewModel;
			sourceTree = "<group>";
		};
		ADEAB4592AE268CF00E81FCE /* UIComponent */ = {
			isa = PBXGroup;
			children = (
				ADEAB45A2AE268E400E81FCE /* SearchBar.swift */,
				ADEAB45D2AE2692F00E81FCE /* DottedBorder.swift */,
				ADC8C9622AE2A8B700041BAC /* ProgressBarView.swift */,
				AD13FA2C2AE65923009DF988 /* CustomDisclosureGroupStyle.swift */,
				AD13FA2E2AE65943009DF988 /* Checkbox.swift */,
				AD13FA282AE63BC9009DF988 /* AccordionView.swift */,
			);
			path = UIComponent;
			sourceTree = "<group>";
		};
		ADEAB45C2AE268EE00E81FCE /* Modules */ = {
			isa = PBXGroup;
			children = (
				ADEAB4522AE17AB500E81FCE /* Home */,
				ADEAB4662AE2726200E81FCE /* Detail */,
				ADEAB45F2AE269CD00E81FCE /* Filter */,
			);
			path = Modules;
			sourceTree = "<group>";
		};
		ADEAB45F2AE269CD00E81FCE /* Filter */ = {
			isa = PBXGroup;
			children = (
				ADEAB4612AE269DE00E81FCE /* View */,
				ADEAB4602AE269D900E81FCE /* Model */,
			);
			path = Filter;
			sourceTree = "<group>";
		};
		ADEAB4602AE269D900E81FCE /* Model */ = {
			isa = PBXGroup;
			children = (
				AD13FA2A2AE6426F009DF988 /* AccordianModel.swift */,
			);
			path = Model;
			sourceTree = "<group>";
		};
		ADEAB4612AE269DE00E81FCE /* View */ = {
			isa = PBXGroup;
			children = (
				ADEAB4622AE269F700E81FCE /* FilterView.swift */,
			);
			path = View;
			sourceTree = "<group>";
		};
		ADEAB4662AE2726200E81FCE /* Detail */ = {
			isa = PBXGroup;
			children = (
				ADEAB4682AE2726D00E81FCE /* Model */,
				ADEAB4672AE2726A00E81FCE /* View */,
			);
			path = Detail;
			sourceTree = "<group>";
		};
		ADEAB4672AE2726A00E81FCE /* View */ = {
			isa = PBXGroup;
			children = (
				ADEAB4692AE2728200E81FCE /* PokemonDetailView.swift */,
				ADC8C9642AE2A95E00041BAC /* PokemonDetailHeadingView.swift */,
				ADC8C9682AE2A99600041BAC /* PokemanAbilityView.swift */,
				ADC8C96A2AE2AA7200041BAC /* PokemanStatsView.swift */,
				ADC8C9662AE2A97900041BAC /* PokemanEvolutionChainView.swift */,
			);
			path = View;
			sourceTree = "<group>";
		};
		ADEAB4682AE2726D00E81FCE /* Model */ = {
			isa = PBXGroup;
			children = (
				AD13FA262AE63081009DF988 /* PokemonDetailViewModel.swift */,
				AD13FA302AE6B107009DF988 /* PokemanAbilityViewModel.swift */,
			);
			path = Model;
			sourceTree = "<group>";
		};
/* End PBXGroup section */

/* Begin PBXNativeTarget section */
		ADEAB4242AE17A9100E81FCE /* Pokedex */ = {
			isa = PBXNativeTarget;
			buildConfigurationList = ADEAB4492AE17A9200E81FCE /* Build configuration list for PBXNativeTarget "Pokedex" */;
			buildPhases = (
				ADEAB4212AE17A9100E81FCE /* Sources */,
				ADEAB4222AE17A9100E81FCE /* Frameworks */,
				ADEAB4232AE17A9100E81FCE /* Resources */,
			);
			buildRules = (
			);
			dependencies = (
			);
			name = Pokedex;
			packageProductDependencies = (
			);
			productName = Pokedex;
			productReference = ADEAB4252AE17A9100E81FCE /* Pokedex.app */;
			productType = "com.apple.product-type.application";
		};
		ADEAB4342AE17A9200E81FCE /* PokedexTests */ = {
			isa = PBXNativeTarget;
			buildConfigurationList = ADEAB44C2AE17A9200E81FCE /* Build configuration list for PBXNativeTarget "PokedexTests" */;
			buildPhases = (
				ADEAB4312AE17A9200E81FCE /* Sources */,
				ADEAB4322AE17A9200E81FCE /* Frameworks */,
				ADEAB4332AE17A9200E81FCE /* Resources */,
			);
			buildRules = (
			);
			dependencies = (
				ADEAB4372AE17A9200E81FCE /* PBXTargetDependency */,
			);
			name = PokedexTests;
			productName = PokedexTests;
			productReference = ADEAB4352AE17A9200E81FCE /* PokedexTests.xctest */;
			productType = "com.apple.product-type.bundle.unit-test";
		};
		ADEAB43E2AE17A9200E81FCE /* PokedexUITests */ = {
			isa = PBXNativeTarget;
			buildConfigurationList = ADEAB44F2AE17A9200E81FCE /* Build configuration list for PBXNativeTarget "PokedexUITests" */;
			buildPhases = (
				ADEAB43B2AE17A9200E81FCE /* Sources */,
				ADEAB43C2AE17A9200E81FCE /* Frameworks */,
				ADEAB43D2AE17A9200E81FCE /* Resources */,
			);
			buildRules = (
			);
			dependencies = (
				ADEAB4412AE17A9200E81FCE /* PBXTargetDependency */,
			);
			name = PokedexUITests;
			productName = PokedexUITests;
			productReference = ADEAB43F2AE17A9200E81FCE /* PokedexUITests.xctest */;
			productType = "com.apple.product-type.bundle.ui-testing";
		};
/* End PBXNativeTarget section */

/* Begin PBXProject section */
		ADEAB41D2AE17A9100E81FCE /* Project object */ = {
			isa = PBXProject;
			attributes = {
				BuildIndependentTargetsInParallel = 1;
				LastSwiftUpdateCheck = 1430;
				LastUpgradeCheck = 1430;
				TargetAttributes = {
					ADEAB4242AE17A9100E81FCE = {
						CreatedOnToolsVersion = 14.3;
					};
					ADEAB4342AE17A9200E81FCE = {
						CreatedOnToolsVersion = 14.3;
						TestTargetID = ADEAB4242AE17A9100E81FCE;
					};
					ADEAB43E2AE17A9200E81FCE = {
						CreatedOnToolsVersion = 14.3;
						TestTargetID = ADEAB4242AE17A9100E81FCE;
					};
				};
			};
			buildConfigurationList = ADEAB4202AE17A9100E81FCE /* Build configuration list for PBXProject "Pokedex" */;
			compatibilityVersion = "Xcode 14.0";
			developmentRegion = en;
			hasScannedForEncodings = 0;
			knownRegions = (
				en,
				Base,
			);
			mainGroup = ADEAB41C2AE17A9100E81FCE;
			packageReferences = (
			);
			productRefGroup = ADEAB4262AE17A9100E81FCE /* Products */;
			projectDirPath = "";
			projectRoot = "";
			targets = (
				ADEAB4242AE17A9100E81FCE /* Pokedex */,
				ADEAB4342AE17A9200E81FCE /* PokedexTests */,
				ADEAB43E2AE17A9200E81FCE /* PokedexUITests */,
			);
		};
/* End PBXProject section */

/* Begin PBXResourcesBuildPhase section */
		ADEAB4232AE17A9100E81FCE /* Resources */ = {
			isa = PBXResourcesBuildPhase;
			buildActionMask = 2147483647;
			files = (
				ADEAB4302AE17A9200E81FCE /* Preview Assets.xcassets in Resources */,
				ADEAB42D2AE17A9200E81FCE /* Assets.xcassets in Resources */,
			);
			runOnlyForDeploymentPostprocessing = 0;
		};
		ADEAB4332AE17A9200E81FCE /* Resources */ = {
			isa = PBXResourcesBuildPhase;
			buildActionMask = 2147483647;
			files = (
			);
			runOnlyForDeploymentPostprocessing = 0;
		};
		ADEAB43D2AE17A9200E81FCE /* Resources */ = {
			isa = PBXResourcesBuildPhase;
			buildActionMask = 2147483647;
			files = (
			);
			runOnlyForDeploymentPostprocessing = 0;
		};
/* End PBXResourcesBuildPhase section */

/* Begin PBXSourcesBuildPhase section */
		ADEAB4212AE17A9100E81FCE /* Sources */ = {
			isa = PBXSourcesBuildPhase;
			buildActionMask = 2147483647;
			files = (
				ADC8C96B2AE2AA7200041BAC /* PokemanStatsView.swift in Sources */,
				ADEAB4572AE17AE000E81FCE /* HomeView.swift in Sources */,
				AD13FA2D2AE65923009DF988 /* CustomDisclosureGroupStyle.swift in Sources */,
				ADC8C9652AE2A95E00041BAC /* PokemonDetailHeadingView.swift in Sources */,
				AD0AD6DB2AE3FC7A0052F625 /* PokemonListModel.swift in Sources */,
				AD13FA292AE63BC9009DF988 /* AccordionView.swift in Sources */,
				AD0AD6CE2AE3F42F0052F625 /* NetworkManager.swift in Sources */,
				ADC8C9692AE2A99600041BAC /* PokemanAbilityView.swift in Sources */,
				AD13FA2B2AE6426F009DF988 /* AccordianModel.swift in Sources */,
				AD13FA2F2AE65943009DF988 /* Checkbox.swift in Sources */,
				AD13FA252AE56868009DF988 /* PokemonGenderManager.swift in Sources */,
				ADEAB4652AE2722200E81FCE /* PokemonItemView.swift in Sources */,
				ADEAB4292AE17A9100E81FCE /* PokedexApp.swift in Sources */,
				AD13FA312AE6B107009DF988 /* PokemanAbilityViewModel.swift in Sources */,
				ADC8C9672AE2A97900041BAC /* PokemanEvolutionChainView.swift in Sources */,
				AD13FA1F2AE51B63009DF988 /* Pokemon+Extensions.swift in Sources */,
				AD13FA272AE63081009DF988 /* PokemonDetailViewModel.swift in Sources */,
				ADEAB45B2AE268E400E81FCE /* SearchBar.swift in Sources */,
				AD0AD6D02AE3F5F80052F625 /* HomeViewModel.swift in Sources */,
				ADEAB4632AE269F700E81FCE /* FilterView.swift in Sources */,
				ADC8C9632AE2A8B700041BAC /* ProgressBarView.swift in Sources */,
				ADEAB46A2AE2728200E81FCE /* PokemonDetailView.swift in Sources */,
				AD13FA222AE52B8D009DF988 /* ThemeManager.swift in Sources */,
				AD0AD6D22AE3FB0A0052F625 /* APIRequest.swift in Sources */,
				AD0AD6D52AE3FB650052F625 /* PokemonListApi.swift in Sources */,
				ADEAB45E2AE2692F00E81FCE /* DottedBorder.swift in Sources */,
			);
			runOnlyForDeploymentPostprocessing = 0;
		};
		ADEAB4312AE17A9200E81FCE /* Sources */ = {
			isa = PBXSourcesBuildPhase;
			buildActionMask = 2147483647;
			files = (
				ADEAB43A2AE17A9200E81FCE /* PokedexTests.swift in Sources */,
			);
			runOnlyForDeploymentPostprocessing = 0;
		};
		ADEAB43B2AE17A9200E81FCE /* Sources */ = {
			isa = PBXSourcesBuildPhase;
			buildActionMask = 2147483647;
			files = (
				ADEAB4442AE17A9200E81FCE /* PokedexUITests.swift in Sources */,
				ADEAB4462AE17A9200E81FCE /* PokedexUITestsLaunchTests.swift in Sources */,
			);
			runOnlyForDeploymentPostprocessing = 0;
		};
/* End PBXSourcesBuildPhase section */

/* Begin PBXTargetDependency section */
		ADEAB4372AE17A9200E81FCE /* PBXTargetDependency */ = {
			isa = PBXTargetDependency;
			target = ADEAB4242AE17A9100E81FCE /* Pokedex */;
			targetProxy = ADEAB4362AE17A9200E81FCE /* PBXContainerItemProxy */;
		};
		ADEAB4412AE17A9200E81FCE /* PBXTargetDependency */ = {
			isa = PBXTargetDependency;
			target = ADEAB4242AE17A9100E81FCE /* Pokedex */;
			targetProxy = ADEAB4402AE17A9200E81FCE /* PBXContainerItemProxy */;
		};
/* End PBXTargetDependency section */

/* Begin XCBuildConfiguration section */
		ADEAB4472AE17A9200E81FCE /* Debug */ = {
			isa = XCBuildConfiguration;
			buildSettings = {
				ALWAYS_SEARCH_USER_PATHS = NO;
				CLANG_ANALYZER_NONNULL = YES;
				CLANG_ANALYZER_NUMBER_OBJECT_CONVERSION = YES_AGGRESSIVE;
				CLANG_CXX_LANGUAGE_STANDARD = "gnu++20";
				CLANG_ENABLE_MODULES = YES;
				CLANG_ENABLE_OBJC_ARC = YES;
				CLANG_ENABLE_OBJC_WEAK = YES;
				CLANG_WARN_BLOCK_CAPTURE_AUTORELEASING = YES;
				CLANG_WARN_BOOL_CONVERSION = YES;
				CLANG_WARN_COMMA = YES;
				CLANG_WARN_CONSTANT_CONVERSION = YES;
				CLANG_WARN_DEPRECATED_OBJC_IMPLEMENTATIONS = YES;
				CLANG_WARN_DIRECT_OBJC_ISA_USAGE = YES_ERROR;
				CLANG_WARN_DOCUMENTATION_COMMENTS = YES;
				CLANG_WARN_EMPTY_BODY = YES;
				CLANG_WARN_ENUM_CONVERSION = YES;
				CLANG_WARN_INFINITE_RECURSION = YES;
				CLANG_WARN_INT_CONVERSION = YES;
				CLANG_WARN_NON_LITERAL_NULL_CONVERSION = YES;
				CLANG_WARN_OBJC_IMPLICIT_RETAIN_SELF = YES;
				CLANG_WARN_OBJC_LITERAL_CONVERSION = YES;
				CLANG_WARN_OBJC_ROOT_CLASS = YES_ERROR;
				CLANG_WARN_QUOTED_INCLUDE_IN_FRAMEWORK_HEADER = YES;
				CLANG_WARN_RANGE_LOOP_ANALYSIS = YES;
				CLANG_WARN_STRICT_PROTOTYPES = YES;
				CLANG_WARN_SUSPICIOUS_MOVE = YES;
				CLANG_WARN_UNGUARDED_AVAILABILITY = YES_AGGRESSIVE;
				CLANG_WARN_UNREACHABLE_CODE = YES;
				CLANG_WARN__DUPLICATE_METHOD_MATCH = YES;
				COPY_PHASE_STRIP = NO;
				DEBUG_INFORMATION_FORMAT = dwarf;
				ENABLE_STRICT_OBJC_MSGSEND = YES;
				ENABLE_TESTABILITY = YES;
				GCC_C_LANGUAGE_STANDARD = gnu11;
				GCC_DYNAMIC_NO_PIC = NO;
				GCC_NO_COMMON_BLOCKS = YES;
				GCC_OPTIMIZATION_LEVEL = 0;
				GCC_PREPROCESSOR_DEFINITIONS = (
					"DEBUG=1",
					"$(inherited)",
				);
				GCC_WARN_64_TO_32_BIT_CONVERSION = YES;
				GCC_WARN_ABOUT_RETURN_TYPE = YES_ERROR;
				GCC_WARN_UNDECLARED_SELECTOR = YES;
				GCC_WARN_UNINITIALIZED_AUTOS = YES_AGGRESSIVE;
				GCC_WARN_UNUSED_FUNCTION = YES;
				GCC_WARN_UNUSED_VARIABLE = YES;
				IPHONEOS_DEPLOYMENT_TARGET = 16.4;
				MTL_ENABLE_DEBUG_INFO = INCLUDE_SOURCE;
				MTL_FAST_MATH = YES;
				ONLY_ACTIVE_ARCH = YES;
				SDKROOT = iphoneos;
				SWIFT_ACTIVE_COMPILATION_CONDITIONS = DEBUG;
				SWIFT_OPTIMIZATION_LEVEL = "-Onone";
			};
			name = Debug;
		};
		ADEAB4482AE17A9200E81FCE /* Release */ = {
			isa = XCBuildConfiguration;
			buildSettings = {
				ALWAYS_SEARCH_USER_PATHS = NO;
				CLANG_ANALYZER_NONNULL = YES;
				CLANG_ANALYZER_NUMBER_OBJECT_CONVERSION = YES_AGGRESSIVE;
				CLANG_CXX_LANGUAGE_STANDARD = "gnu++20";
				CLANG_ENABLE_MODULES = YES;
				CLANG_ENABLE_OBJC_ARC = YES;
				CLANG_ENABLE_OBJC_WEAK = YES;
				CLANG_WARN_BLOCK_CAPTURE_AUTORELEASING = YES;
				CLANG_WARN_BOOL_CONVERSION = YES;
				CLANG_WARN_COMMA = YES;
				CLANG_WARN_CONSTANT_CONVERSION = YES;
				CLANG_WARN_DEPRECATED_OBJC_IMPLEMENTATIONS = YES;
				CLANG_WARN_DIRECT_OBJC_ISA_USAGE = YES_ERROR;
				CLANG_WARN_DOCUMENTATION_COMMENTS = YES;
				CLANG_WARN_EMPTY_BODY = YES;
				CLANG_WARN_ENUM_CONVERSION = YES;
				CLANG_WARN_INFINITE_RECURSION = YES;
				CLANG_WARN_INT_CONVERSION = YES;
				CLANG_WARN_NON_LITERAL_NULL_CONVERSION = YES;
				CLANG_WARN_OBJC_IMPLICIT_RETAIN_SELF = YES;
				CLANG_WARN_OBJC_LITERAL_CONVERSION = YES;
				CLANG_WARN_OBJC_ROOT_CLASS = YES_ERROR;
				CLANG_WARN_QUOTED_INCLUDE_IN_FRAMEWORK_HEADER = YES;
				CLANG_WARN_RANGE_LOOP_ANALYSIS = YES;
				CLANG_WARN_STRICT_PROTOTYPES = YES;
				CLANG_WARN_SUSPICIOUS_MOVE = YES;
				CLANG_WARN_UNGUARDED_AVAILABILITY = YES_AGGRESSIVE;
				CLANG_WARN_UNREACHABLE_CODE = YES;
				CLANG_WARN__DUPLICATE_METHOD_MATCH = YES;
				COPY_PHASE_STRIP = NO;
				DEBUG_INFORMATION_FORMAT = "dwarf-with-dsym";
				ENABLE_NS_ASSERTIONS = NO;
				ENABLE_STRICT_OBJC_MSGSEND = YES;
				GCC_C_LANGUAGE_STANDARD = gnu11;
				GCC_NO_COMMON_BLOCKS = YES;
				GCC_WARN_64_TO_32_BIT_CONVERSION = YES;
				GCC_WARN_ABOUT_RETURN_TYPE = YES_ERROR;
				GCC_WARN_UNDECLARED_SELECTOR = YES;
				GCC_WARN_UNINITIALIZED_AUTOS = YES_AGGRESSIVE;
				GCC_WARN_UNUSED_FUNCTION = YES;
				GCC_WARN_UNUSED_VARIABLE = YES;
				IPHONEOS_DEPLOYMENT_TARGET = 16.4;
				MTL_ENABLE_DEBUG_INFO = NO;
				MTL_FAST_MATH = YES;
				SDKROOT = iphoneos;
				SWIFT_COMPILATION_MODE = wholemodule;
				SWIFT_OPTIMIZATION_LEVEL = "-O";
				VALIDATE_PRODUCT = YES;
			};
			name = Release;
		};
		ADEAB44A2AE17A9200E81FCE /* Debug */ = {
			isa = XCBuildConfiguration;
			buildSettings = {
				ASSETCATALOG_COMPILER_APPICON_NAME = AppIcon;
				ASSETCATALOG_COMPILER_GLOBAL_ACCENT_COLOR_NAME = AccentColor;
				CODE_SIGN_STYLE = Automatic;
				CURRENT_PROJECT_VERSION = 1;
				DEVELOPMENT_ASSET_PATHS = "\"Pokedex/Preview Content\"";
				ENABLE_PREVIEWS = YES;
				GENERATE_INFOPLIST_FILE = YES;
				INFOPLIST_FILE = Pokedex/Info.plist;
				INFOPLIST_KEY_UIApplicationSceneManifest_Generation = YES;
				INFOPLIST_KEY_UIApplicationSupportsIndirectInputEvents = YES;
				INFOPLIST_KEY_UISupportedInterfaceOrientations_iPad = "UIInterfaceOrientationPortrait UIInterfaceOrientationPortraitUpsideDown UIInterfaceOrientationLandscapeLeft UIInterfaceOrientationLandscapeRight";
				INFOPLIST_KEY_UISupportedInterfaceOrientations_iPhone = "UIInterfaceOrientationPortrait UIInterfaceOrientationLandscapeLeft UIInterfaceOrientationLandscapeRight";
				LD_RUNPATH_SEARCH_PATHS = (
					"$(inherited)",
					"@executable_path/Frameworks",
				);
				MARKETING_VERSION = 1.0;
				PRODUCT_BUNDLE_IDENTIFIER = SwiftUISample.Pokedex;
				PRODUCT_NAME = "$(TARGET_NAME)";
				SWIFT_EMIT_LOC_STRINGS = YES;
				SWIFT_VERSION = 5.0;
				TARGETED_DEVICE_FAMILY = "1,2";
			};
			name = Debug;
		};
		ADEAB44B2AE17A9200E81FCE /* Release */ = {
			isa = XCBuildConfiguration;
			buildSettings = {
				ASSETCATALOG_COMPILER_APPICON_NAME = AppIcon;
				ASSETCATALOG_COMPILER_GLOBAL_ACCENT_COLOR_NAME = AccentColor;
				CODE_SIGN_STYLE = Automatic;
				CURRENT_PROJECT_VERSION = 1;
				DEVELOPMENT_ASSET_PATHS = "\"Pokedex/Preview Content\"";
				ENABLE_PREVIEWS = YES;
				GENERATE_INFOPLIST_FILE = YES;
				INFOPLIST_FILE = Pokedex/Info.plist;
				INFOPLIST_KEY_UIApplicationSceneManifest_Generation = YES;
				INFOPLIST_KEY_UIApplicationSupportsIndirectInputEvents = YES;
				INFOPLIST_KEY_UISupportedInterfaceOrientations_iPad = "UIInterfaceOrientationPortrait UIInterfaceOrientationPortraitUpsideDown UIInterfaceOrientationLandscapeLeft UIInterfaceOrientationLandscapeRight";
				INFOPLIST_KEY_UISupportedInterfaceOrientations_iPhone = "UIInterfaceOrientationPortrait UIInterfaceOrientationLandscapeLeft UIInterfaceOrientationLandscapeRight";
				LD_RUNPATH_SEARCH_PATHS = (
					"$(inherited)",
					"@executable_path/Frameworks",
				);
				MARKETING_VERSION = 1.0;
				PRODUCT_BUNDLE_IDENTIFIER = SwiftUISample.Pokedex;
				PRODUCT_NAME = "$(TARGET_NAME)";
				SWIFT_EMIT_LOC_STRINGS = YES;
				SWIFT_VERSION = 5.0;
				TARGETED_DEVICE_FAMILY = "1,2";
			};
			name = Release;
		};
		ADEAB44D2AE17A9200E81FCE /* Debug */ = {
			isa = XCBuildConfiguration;
			buildSettings = {
				ALWAYS_EMBED_SWIFT_STANDARD_LIBRARIES = YES;
				BUNDLE_LOADER = "$(TEST_HOST)";
				CODE_SIGN_STYLE = Automatic;
				CURRENT_PROJECT_VERSION = 1;
				GENERATE_INFOPLIST_FILE = YES;
				IPHONEOS_DEPLOYMENT_TARGET = 16.4;
				MARKETING_VERSION = 1.0;
				PRODUCT_BUNDLE_IDENTIFIER = SwiftUISample.PokedexTests;
				PRODUCT_NAME = "$(TARGET_NAME)";
				SWIFT_EMIT_LOC_STRINGS = NO;
				SWIFT_VERSION = 5.0;
				TARGETED_DEVICE_FAMILY = "1,2";
				TEST_HOST = "$(BUILT_PRODUCTS_DIR)/Pokedex.app/$(BUNDLE_EXECUTABLE_FOLDER_PATH)/Pokedex";
			};
			name = Debug;
		};
		ADEAB44E2AE17A9200E81FCE /* Release */ = {
			isa = XCBuildConfiguration;
			buildSettings = {
				ALWAYS_EMBED_SWIFT_STANDARD_LIBRARIES = YES;
				BUNDLE_LOADER = "$(TEST_HOST)";
				CODE_SIGN_STYLE = Automatic;
				CURRENT_PROJECT_VERSION = 1;
				GENERATE_INFOPLIST_FILE = YES;
				IPHONEOS_DEPLOYMENT_TARGET = 16.4;
				MARKETING_VERSION = 1.0;
				PRODUCT_BUNDLE_IDENTIFIER = SwiftUISample.PokedexTests;
				PRODUCT_NAME = "$(TARGET_NAME)";
				SWIFT_EMIT_LOC_STRINGS = NO;
				SWIFT_VERSION = 5.0;
				TARGETED_DEVICE_FAMILY = "1,2";
				TEST_HOST = "$(BUILT_PRODUCTS_DIR)/Pokedex.app/$(BUNDLE_EXECUTABLE_FOLDER_PATH)/Pokedex";
			};
			name = Release;
		};
		ADEAB4502AE17A9200E81FCE /* Debug */ = {
			isa = XCBuildConfiguration;
			buildSettings = {
				ALWAYS_EMBED_SWIFT_STANDARD_LIBRARIES = YES;
				CODE_SIGN_STYLE = Automatic;
				CURRENT_PROJECT_VERSION = 1;
				GENERATE_INFOPLIST_FILE = YES;
				MARKETING_VERSION = 1.0;
				PRODUCT_BUNDLE_IDENTIFIER = SwiftUISample.PokedexUITests;
				PRODUCT_NAME = "$(TARGET_NAME)";
				SWIFT_EMIT_LOC_STRINGS = NO;
				SWIFT_VERSION = 5.0;
				TARGETED_DEVICE_FAMILY = "1,2";
				TEST_TARGET_NAME = Pokedex;
			};
			name = Debug;
		};
		ADEAB4512AE17A9200E81FCE /* Release */ = {
			isa = XCBuildConfiguration;
			buildSettings = {
				ALWAYS_EMBED_SWIFT_STANDARD_LIBRARIES = YES;
				CODE_SIGN_STYLE = Automatic;
				CURRENT_PROJECT_VERSION = 1;
				GENERATE_INFOPLIST_FILE = YES;
				MARKETING_VERSION = 1.0;
				PRODUCT_BUNDLE_IDENTIFIER = SwiftUISample.PokedexUITests;
				PRODUCT_NAME = "$(TARGET_NAME)";
				SWIFT_EMIT_LOC_STRINGS = NO;
				SWIFT_VERSION = 5.0;
				TARGETED_DEVICE_FAMILY = "1,2";
				TEST_TARGET_NAME = Pokedex;
			};
			name = Release;
		};
/* End XCBuildConfiguration section */

/* Begin XCConfigurationList section */
		ADEAB4202AE17A9100E81FCE /* Build configuration list for PBXProject "Pokedex" */ = {
			isa = XCConfigurationList;
			buildConfigurations = (
				ADEAB4472AE17A9200E81FCE /* Debug */,
				ADEAB4482AE17A9200E81FCE /* Release */,
			);
			defaultConfigurationIsVisible = 0;
			defaultConfigurationName = Release;
		};
		ADEAB4492AE17A9200E81FCE /* Build configuration list for PBXNativeTarget "Pokedex" */ = {
			isa = XCConfigurationList;
			buildConfigurations = (
				ADEAB44A2AE17A9200E81FCE /* Debug */,
				ADEAB44B2AE17A9200E81FCE /* Release */,
			);
			defaultConfigurationIsVisible = 0;
			defaultConfigurationName = Release;
		};
		ADEAB44C2AE17A9200E81FCE /* Build configuration list for PBXNativeTarget "PokedexTests" */ = {
			isa = XCConfigurationList;
			buildConfigurations = (
				ADEAB44D2AE17A9200E81FCE /* Debug */,
				ADEAB44E2AE17A9200E81FCE /* Release */,
			);
			defaultConfigurationIsVisible = 0;
			defaultConfigurationName = Release;
		};
		ADEAB44F2AE17A9200E81FCE /* Build configuration list for PBXNativeTarget "PokedexUITests" */ = {
			isa = XCConfigurationList;
			buildConfigurations = (
				ADEAB4502AE17A9200E81FCE /* Debug */,
				ADEAB4512AE17A9200E81FCE /* Release */,
			);
			defaultConfigurationIsVisible = 0;
			defaultConfigurationName = Release;
		};
/* End XCConfigurationList section */
	};
	rootObject = ADEAB41D2AE17A9100E81FCE /* Project object */;
}
